// !$*UTF8*$!
{
	archiveVersion = 1;
	classes = {
	};
	objectVersion = 56;
	objects = {

/* Begin PBXBuildFile section */
		2A86D0E22CAD17F100349262 /* RealityKitContent in Frameworks */ = {isa = PBXBuildFile; productRef = 2A86D0E12CAD17F100349262 /* RealityKitContent */; };
		2A86D0E42CAD17F100349262 /* PendulumApp.swift in Sources */ = {isa = PBXBuildFile; fileRef = 2A86D0E32CAD17F100349262 /* PendulumApp.swift */; };
		2A86D0E62CAD17F100349262 /* ContentView.swift in Sources */ = {isa = PBXBuildFile; fileRef = 2A86D0E52CAD17F100349262 /* ContentView.swift */; };
		2A86D0E82CAD17F100349262 /* ImmersiveView.swift in Sources */ = {isa = PBXBuildFile; fileRef = 2A86D0E72CAD17F100349262 /* ImmersiveView.swift */; };
		2A86D0EA2CAD17F300349262 /* Assets.xcassets in Resources */ = {isa = PBXBuildFile; fileRef = 2A86D0E92CAD17F300349262 /* Assets.xcassets */; };
		2A86D0ED2CAD17F300349262 /* Preview Assets.xcassets in Resources */ = {isa = PBXBuildFile; fileRef = 2A86D0EC2CAD17F300349262 /* Preview Assets.xcassets */; };
		2ABEB90D2CAD9F50001B5C7D /* PendulumSettings.swift in Sources */ = {isa = PBXBuildFile; fileRef = 2ABEB90C2CAD9F50001B5C7D /* PendulumSettings.swift */; };
		2ABEB90F2CADA617001B5C7D /* LICENSE.txt in Resources */ = {isa = PBXBuildFile; fileRef = 2ABEB90E2CADA617001B5C7D /* LICENSE.txt */; };
/* End PBXBuildFile section */

/* Begin PBXFileReference section */
		2A86D0DC2CAD17F100349262 /* Pendulum.app */ = {isa = PBXFileReference; explicitFileType = wrapper.application; includeInIndex = 0; path = Pendulum.app; sourceTree = BUILT_PRODUCTS_DIR; };
		2A86D0E02CAD17F100349262 /* RealityKitContent */ = {isa = PBXFileReference; lastKnownFileType = wrapper; path = RealityKitContent; sourceTree = "<group>"; };
		2A86D0E32CAD17F100349262 /* PendulumApp.swift */ = {isa = PBXFileReference; lastKnownFileType = sourcecode.swift; path = PendulumApp.swift; sourceTree = "<group>"; };
		2A86D0E52CAD17F100349262 /* ContentView.swift */ = {isa = PBXFileReference; lastKnownFileType = sourcecode.swift; path = ContentView.swift; sourceTree = "<group>"; };
		2A86D0E72CAD17F100349262 /* ImmersiveView.swift */ = {isa = PBXFileReference; lastKnownFileType = sourcecode.swift; path = ImmersiveView.swift; sourceTree = "<group>"; };
		2A86D0E92CAD17F300349262 /* Assets.xcassets */ = {isa = PBXFileReference; lastKnownFileType = folder.assetcatalog; path = Assets.xcassets; sourceTree = "<group>"; };
		2A86D0EC2CAD17F300349262 /* Preview Assets.xcassets */ = {isa = PBXFileReference; lastKnownFileType = folder.assetcatalog; path = "Preview Assets.xcassets"; sourceTree = "<group>"; };
		2A86D0EE2CAD17F300349262 /* Info.plist */ = {isa = PBXFileReference; lastKnownFileType = text.plist.xml; path = Info.plist; sourceTree = "<group>"; };
		2ABEB90C2CAD9F50001B5C7D /* PendulumSettings.swift */ = {isa = PBXFileReference; lastKnownFileType = sourcecode.swift; path = PendulumSettings.swift; sourceTree = "<group>"; };
		2ABEB90E2CADA617001B5C7D /* LICENSE.txt */ = {isa = PBXFileReference; lastKnownFileType = text; path = LICENSE.txt; sourceTree = "<group>"; };
/* End PBXFileReference section */

/* Begin PBXFrameworksBuildPhase section */
		2A86D0D92CAD17F100349262 /* Frameworks */ = {
			isa = PBXFrameworksBuildPhase;
			buildActionMask = 2147483647;
			files = (
				2A86D0E22CAD17F100349262 /* RealityKitContent in Frameworks */,
			);
			runOnlyForDeploymentPostprocessing = 0;
		};
/* End PBXFrameworksBuildPhase section */

/* Begin PBXGroup section */
		2A86D0D32CAD17F100349262 = {
			isa = PBXGroup;
			children = (
				2A86D0DE2CAD17F100349262 /* Pendulum */,
				2A86D0DF2CAD17F100349262 /* Packages */,
				2A86D0DD2CAD17F100349262 /* Products */,
			);
			sourceTree = "<group>";
		};
		2A86D0DD2CAD17F100349262 /* Products */ = {
			isa = PBXGroup;
			children = (
				2A86D0DC2CAD17F100349262 /* Pendulum.app */,
			);
			name = Products;
			sourceTree = "<group>";
		};
		2A86D0DE2CAD17F100349262 /* Pendulum */ = {
			isa = PBXGroup;
			children = (
				2A86D0E32CAD17F100349262 /* PendulumApp.swift */,
				2A86D0E52CAD17F100349262 /* ContentView.swift */,
				2A86D0E72CAD17F100349262 /* ImmersiveView.swift */,
				2ABEB90C2CAD9F50001B5C7D /* PendulumSettings.swift */,
				2A86D0E92CAD17F300349262 /* Assets.xcassets */,
				2A86D0EE2CAD17F300349262 /* Info.plist */,
				2ABEB90E2CADA617001B5C7D /* LICENSE.txt */,
				2A86D0EB2CAD17F300349262 /* Preview Content */,
			);
			path = Pendulum;
			sourceTree = "<group>";
		};
		2A86D0DF2CAD17F100349262 /* Packages */ = {
			isa = PBXGroup;
			children = (
				2A86D0E02CAD17F100349262 /* RealityKitContent */,
			);
			path = Packages;
			sourceTree = "<group>";
		};
		2A86D0EB2CAD17F300349262 /* Preview Content */ = {
			isa = PBXGroup;
			children = (
				2A86D0EC2CAD17F300349262 /* Preview Assets.xcassets */,
			);
			path = "Preview Content";
			sourceTree = "<group>";
		};
/* End PBXGroup section */

/* Begin PBXNativeTarget section */
		2A86D0DB2CAD17F100349262 /* Pendulum */ = {
			isa = PBXNativeTarget;
			buildConfigurationList = 2A86D0F12CAD17F300349262 /* Build configuration list for PBXNativeTarget "Pendulum" */;
			buildPhases = (
				2A86D0D82CAD17F100349262 /* Sources */,
				2A86D0D92CAD17F100349262 /* Frameworks */,
				2A86D0DA2CAD17F100349262 /* Resources */,
			);
			buildRules = (
			);
			dependencies = (
			);
			name = Pendulum;
			packageProductDependencies = (
				2A86D0E12CAD17F100349262 /* RealityKitContent */,
			);
			productName = Pendulum;
			productReference = 2A86D0DC2CAD17F100349262 /* Pendulum.app */;
			productType = "com.apple.product-type.application";
		};
/* End PBXNativeTarget section */

/* Begin PBXProject section */
		2A86D0D42CAD17F100349262 /* Project object */ = {
			isa = PBXProject;
			attributes = {
				BuildIndependentTargetsInParallel = 1;
				LastSwiftUpdateCheck = 1540;
				LastUpgradeCheck = 1540;
				TargetAttributes = {
					2A86D0DB2CAD17F100349262 = {
						CreatedOnToolsVersion = 15.4;
					};
				};
			};
			buildConfigurationList = 2A86D0D72CAD17F100349262 /* Build configuration list for PBXProject "Pendulum" */;
			compatibilityVersion = "Xcode 14.0";
			developmentRegion = en;
			hasScannedForEncodings = 0;
			knownRegions = (
				en,
				Base,
			);
			mainGroup = 2A86D0D32CAD17F100349262;
			productRefGroup = 2A86D0DD2CAD17F100349262 /* Products */;
			projectDirPath = "";
			projectRoot = "";
			targets = (
				2A86D0DB2CAD17F100349262 /* Pendulum */,
			);
		};
/* End PBXProject section */

/* Begin PBXResourcesBuildPhase section */
		2A86D0DA2CAD17F100349262 /* Resources */ = {
			isa = PBXResourcesBuildPhase;
			buildActionMask = 2147483647;
			files = (
				2ABEB90F2CADA617001B5C7D /* LICENSE.txt in Resources */,
				2A86D0ED2CAD17F300349262 /* Preview Assets.xcassets in Resources */,
				2A86D0EA2CAD17F300349262 /* Assets.xcassets in Resources */,
			);
			runOnlyForDeploymentPostprocessing = 0;
		};
/* End PBXResourcesBuildPhase section */

/* Begin PBXSourcesBuildPhase section */
		2A86D0D82CAD17F100349262 /* Sources */ = {
			isa = PBXSourcesBuildPhase;
			buildActionMask = 2147483647;
			files = (
				2ABEB90D2CAD9F50001B5C7D /* PendulumSettings.swift in Sources */,
				2A86D0E62CAD17F100349262 /* ContentView.swift in Sources */,
				2A86D0E42CAD17F100349262 /* PendulumApp.swift in Sources */,
				2A86D0E82CAD17F100349262 /* ImmersiveView.swift in Sources */,
			);
			runOnlyForDeploymentPostprocessing = 0;
		};
/* End PBXSourcesBuildPhase section */

/* Begin XCBuildConfiguration section */
		2A86D0EF2CAD17F300349262 /* Debug */ = {
			isa = XCBuildConfiguration;
			buildSettings = {
				ALWAYS_SEARCH_USER_PATHS = NO;
				ASSETCATALOG_COMPILER_GENERATE_SWIFT_ASSET_SYMBOL_EXTENSIONS = YES;
				CLANG_ANALYZER_NONNULL = YES;
				CLANG_ANALYZER_NUMBER_OBJECT_CONVERSION = YES_AGGRESSIVE;
				CLANG_CXX_LANGUAGE_STANDARD = "gnu++20";
				CLANG_ENABLE_MODULES = YES;
				CLANG_ENABLE_OBJC_ARC = YES;
				CLANG_ENABLE_OBJC_WEAK = YES;
				CLANG_WARN_BLOCK_CAPTURE_AUTORELEASING = YES;
				CLANG_WARN_BOOL_CONVERSION = YES;
				CLANG_WARN_COMMA = YES;
				CLANG_WARN_CONSTANT_CONVERSION = YES;
				CLANG_WARN_DEPRECATED_OBJC_IMPLEMENTATIONS = YES;
				CLANG_WARN_DIRECT_OBJC_ISA_USAGE = YES_ERROR;
				CLANG_WARN_DOCUMENTATION_COMMENTS = YES;
				CLANG_WARN_EMPTY_BODY = YES;
				CLANG_WARN_ENUM_CONVERSION = YES;
				CLANG_WARN_INFINITE_RECURSION = YES;
				CLANG_WARN_INT_CONVERSION = YES;
				CLANG_WARN_NON_LITERAL_NULL_CONVERSION = YES;
				CLANG_WARN_OBJC_IMPLICIT_RETAIN_SELF = YES;
				CLANG_WARN_OBJC_LITERAL_CONVERSION = YES;
				CLANG_WARN_OBJC_ROOT_CLASS = YES_ERROR;
				CLANG_WARN_QUOTED_INCLUDE_IN_FRAMEWORK_HEADER = YES;
				CLANG_WARN_RANGE_LOOP_ANALYSIS = YES;
				CLANG_WARN_STRICT_PROTOTYPES = YES;
				CLANG_WARN_SUSPICIOUS_MOVE = YES;
				CLANG_WARN_UNGUARDED_AVAILABILITY = YES_AGGRESSIVE;
				CLANG_WARN_UNREACHABLE_CODE = YES;
				CLANG_WARN__DUPLICATE_METHOD_MATCH = YES;
				COPY_PHASE_STRIP = NO;
				DEBUG_INFORMATION_FORMAT = dwarf;
				ENABLE_STRICT_OBJC_MSGSEND = YES;
				ENABLE_TESTABILITY = YES;
				ENABLE_USER_SCRIPT_SANDBOXING = YES;
				GCC_C_LANGUAGE_STANDARD = gnu17;
				GCC_DYNAMIC_NO_PIC = NO;
				GCC_NO_COMMON_BLOCKS = YES;
				GCC_OPTIMIZATION_LEVEL = 0;
				GCC_PREPROCESSOR_DEFINITIONS = (
					"DEBUG=1",
					"$(inherited)",
				);
				GCC_WARN_64_TO_32_BIT_CONVERSION = YES;
				GCC_WARN_ABOUT_RETURN_TYPE = YES_ERROR;
				GCC_WARN_UNDECLARED_SELECTOR = YES;
				GCC_WARN_UNINITIALIZED_AUTOS = YES_AGGRESSIVE;
				GCC_WARN_UNUSED_FUNCTION = YES;
				GCC_WARN_UNUSED_VARIABLE = YES;
				LOCALIZATION_PREFERS_STRING_CATALOGS = YES;
				MTL_ENABLE_DEBUG_INFO = INCLUDE_SOURCE;
				MTL_FAST_MATH = YES;
				ONLY_ACTIVE_ARCH = YES;
				SDKROOT = xros;
				SWIFT_ACTIVE_COMPILATION_CONDITIONS = "DEBUG $(inherited)";
				SWIFT_OPTIMIZATION_LEVEL = "-Onone";
				XROS_DEPLOYMENT_TARGET = 1.2;
			};
			name = Debug;
		};
		2A86D0F02CAD17F300349262 /* Release */ = {
			isa = XCBuildConfiguration;
			buildSettings = {
				ALWAYS_SEARCH_USER_PATHS = NO;
				ASSETCATALOG_COMPILER_GENERATE_SWIFT_ASSET_SYMBOL_EXTENSIONS = YES;
				CLANG_ANALYZER_NONNULL = YES;
				CLANG_ANALYZER_NUMBER_OBJECT_CONVERSION = YES_AGGRESSIVE;
				CLANG_CXX_LANGUAGE_STANDARD = "gnu++20";
				CLANG_ENABLE_MODULES = YES;
				CLANG_ENABLE_OBJC_ARC = YES;
				CLANG_ENABLE_OBJC_WEAK = YES;
				CLANG_WARN_BLOCK_CAPTURE_AUTORELEASING = YES;
				CLANG_WARN_BOOL_CONVERSION = YES;
				CLANG_WARN_COMMA = YES;
				CLANG_WARN_CONSTANT_CONVERSION = YES;
				CLANG_WARN_DEPRECATED_OBJC_IMPLEMENTATIONS = YES;
				CLANG_WARN_DIRECT_OBJC_ISA_USAGE = YES_ERROR;
				CLANG_WARN_DOCUMENTATION_COMMENTS = YES;
				CLANG_WARN_EMPTY_BODY = YES;
				CLANG_WARN_ENUM_CONVERSION = YES;
				CLANG_WARN_INFINITE_RECURSION = YES;
				CLANG_WARN_INT_CONVERSION = YES;
				CLANG_WARN_NON_LITERAL_NULL_CONVERSION = YES;
				CLANG_WARN_OBJC_IMPLICIT_RETAIN_SELF = YES;
				CLANG_WARN_OBJC_LITERAL_CONVERSION = YES;
				CLANG_WARN_OBJC_ROOT_CLASS = YES_ERROR;
				CLANG_WARN_QUOTED_INCLUDE_IN_FRAMEWORK_HEADER = YES;
				CLANG_WARN_RANGE_LOOP_ANALYSIS = YES;
				CLANG_WARN_STRICT_PROTOTYPES = YES;
				CLANG_WARN_SUSPICIOUS_MOVE = YES;
				CLANG_WARN_UNGUARDED_AVAILABILITY = YES_AGGRESSIVE;
				CLANG_WARN_UNREACHABLE_CODE = YES;
				CLANG_WARN__DUPLICATE_METHOD_MATCH = YES;
				COPY_PHASE_STRIP = NO;
				DEBUG_INFORMATION_FORMAT = "dwarf-with-dsym";
				ENABLE_NS_ASSERTIONS = NO;
				ENABLE_STRICT_OBJC_MSGSEND = YES;
				ENABLE_USER_SCRIPT_SANDBOXING = YES;
				GCC_C_LANGUAGE_STANDARD = gnu17;
				GCC_NO_COMMON_BLOCKS = YES;
				GCC_WARN_64_TO_32_BIT_CONVERSION = YES;
				GCC_WARN_ABOUT_RETURN_TYPE = YES_ERROR;
				GCC_WARN_UNDECLARED_SELECTOR = YES;
				GCC_WARN_UNINITIALIZED_AUTOS = YES_AGGRESSIVE;
				GCC_WARN_UNUSED_FUNCTION = YES;
				GCC_WARN_UNUSED_VARIABLE = YES;
				LOCALIZATION_PREFERS_STRING_CATALOGS = YES;
				MTL_ENABLE_DEBUG_INFO = NO;
				MTL_FAST_MATH = YES;
				SDKROOT = xros;
				SWIFT_COMPILATION_MODE = wholemodule;
				VALIDATE_PRODUCT = YES;
				XROS_DEPLOYMENT_TARGET = 1.2;
			};
			name = Release;
		};
		2A86D0F22CAD17F300349262 /* Debug */ = {
			isa = XCBuildConfiguration;
			buildSettings = {
				ASSETCATALOG_COMPILER_APPICON_NAME = AppIcon;
				ASSETCATALOG_COMPILER_GLOBAL_ACCENT_COLOR_NAME = AccentColor;
				CODE_SIGN_STYLE = Automatic;
				CURRENT_PROJECT_VERSION = 1;
				DEVELOPMENT_ASSET_PATHS = "\"Pendulum/Preview Content\"";
				DEVELOPMENT_TEAM = 476QK54UU2;
				ENABLE_PREVIEWS = YES;
				GENERATE_INFOPLIST_FILE = YES;
				INFOPLIST_FILE = "$(TARGET_NAME)/Info.plist";
				LD_RUNPATH_SEARCH_PATHS = (
					"$(inherited)",
					"@executable_path/Frameworks",
				);
				MARKETING_VERSION = 1.0;
				PRODUCT_BUNDLE_IDENTIFIER = "com.it-guy.Pendulum";
				PRODUCT_NAME = "$(TARGET_NAME)";
				SUPPORTED_PLATFORMS = "xros xrsimulator";
				SWIFT_EMIT_LOC_STRINGS = YES;
				SWIFT_VERSION = 5.0;
				TARGETED_DEVICE_FAMILY = "1,2,7";
				XROS_DEPLOYMENT_TARGET = 2.0;
			};
			name = Debug;
		};
		2A86D0F32CAD17F300349262 /* Release */ = {
			isa = XCBuildConfiguration;
			buildSettings = {
				ASSETCATALOG_COMPILER_APPICON_NAME = AppIcon;
				ASSETCATALOG_COMPILER_GLOBAL_ACCENT_COLOR_NAME = AccentColor;
				CODE_SIGN_STYLE = Automatic;
				CURRENT_PROJECT_VERSION = 1;
				DEVELOPMENT_ASSET_PATHS = "\"Pendulum/Preview Content\"";
				DEVELOPMENT_TEAM = 476QK54UU2;
				ENABLE_PREVIEWS = YES;
				GENERATE_INFOPLIST_FILE = YES;
				INFOPLIST_FILE = "$(TARGET_NAME)/Info.plist";
				LD_RUNPATH_SEARCH_PATHS = (
					"$(inherited)",
					"@executable_path/Frameworks",
				);
				MARKETING_VERSION = 1.0;
				PRODUCT_BUNDLE_IDENTIFIER = "com.it-guy.Pendulum";
				PRODUCT_NAME = "$(TARGET_NAME)";
				SUPPORTED_PLATFORMS = "xros xrsimulator";
				SWIFT_EMIT_LOC_STRINGS = YES;
				SWIFT_VERSION = 5.0;
				TARGETED_DEVICE_FAMILY = "1,2,7";
				XROS_DEPLOYMENT_TARGET = 2.0;
			};
			name = Release;
		};
/* End XCBuildConfiguration section */

/* Begin XCConfigurationList section */
		2A86D0D72CAD17F100349262 /* Build configuration list for PBXProject "Pendulum" */ = {
			isa = XCConfigurationList;
			buildConfigurations = (
				2A86D0EF2CAD17F300349262 /* Debug */,
				2A86D0F02CAD17F300349262 /* Release */,
			);
			defaultConfigurationIsVisible = 0;
			defaultConfigurationName = Release;
		};
		2A86D0F12CAD17F300349262 /* Build configuration list for PBXNativeTarget "Pendulum" */ = {
			isa = XCConfigurationList;
			buildConfigurations = (
				2A86D0F22CAD17F300349262 /* Debug */,
				2A86D0F32CAD17F300349262 /* Release */,
			);
			defaultConfigurationIsVisible = 0;
			defaultConfigurationName = Release;
		};
/* End XCConfigurationList section */

/* Begin XCSwiftPackageProductDependency section */
		2A86D0E12CAD17F100349262 /* RealityKitContent */ = {
			isa = XCSwiftPackageProductDependency;
			productName = RealityKitContent;
		};
/* End XCSwiftPackageProductDependency section */
	};
	rootObject = 2A86D0D42CAD17F100349262 /* Project object */;
}
